        # Generated by pub. See: http://pub.dartlang.org/doc/glossary.html#lockfile
         {"packages":{"game_loop":{"version":"0.5.0","source":"git","description":{"url":"https://github.com/BitAlchemists/game_loop.git","ref":null,"resolved-ref":"fec86c822c4a46e62c3c1c91c9230773c9e80fee"}},"browser":{"version":"0.3.5+1","source":"hosted","description":"browser"},"unittest":{"version":"0.3.5+1","source":"hosted","description":"unittest"},"meta":{"version":"0.3.5+1","source":"hosted","description":"meta"}}}
        