        # Generated by pub. See: http://pub.dartlang.org/doc/glossary.html#lockfile
         {"packages":{"vector_math":{"version":"0.9.5","source":"git","description":{"url":"https://github.com/johnmccutchan/DartVectorMath.git","ref":null,"resolved-ref":"64d6562a848b2df2291a31a91d3312bd52756d3f"}},"game_loop":{"version":"0.5.0","source":"git","description":{"url":"https://github.com/BitAlchemists/game_loop.git","ref":null,"resolved-ref":"fec86c822c4a46e62c3c1c91c9230773c9e80fee"}},"browser":{"version":"0.3.7+6","source":"hosted","description":"browser"},"bot":{"version":"0.14.1","source":"hosted","description":"bot"},"unittest":{"version":"0.3.7+6","source":"hosted","description":"unittest"},"logging":{"version":"0.3.7+6","source":"hosted","description":"logging"},"args":{"version":"0.3.7+6","source":"hosted","description":"args"},"meta":{"version":"0.3.7+6","source":"hosted","description":"meta"}}}
        